Microsoft Visual Studio Solution File, Format Version 12.00
# Visual Studio 15
VisualStudioVersion = 15.0.27130.2010
MinimumVisualStudioVersion = 15.0.26124.0
Project("{2150E333-8FDC-42A3-9474-1A3956D46DE8}") = "SRC", "SRC", "{CD78900E-A6EE-43B6-8B96-6445EE311A1E}"
EndProject
Project("{9A19103F-16F7-4668-BE54-9A1E7A4F7556}") = "INFRAESTRUCTURE", "SRC\INFRAESTRUCTURE\INFRAESTRUCTURE.csproj", "{F59F5F53-BA80-4344-BDD9-F44351756671}"
EndProject
Project("{9A19103F-16F7-4668-BE54-9A1E7A4F7556}") = "API", "SRC\API\API.csproj", "{5D4C2101-06EA-48DE-98A7-993D1DC761F1}"
EndProject
Project("{9A19103F-16F7-4668-BE54-9A1E7A4F7556}") = "DOMAIN", "SRC\DOMAIN\DOMAIN.csproj", "{29A36DBE-B292-4EC1-942D-12026B0C8BD8}"
EndProject
Project("{FAE04EC0-301F-11D3-BF4B-00C04F79EFBC}") = "test", "test\test.csproj", "{3F328A32-9FB1-423A-BCA5-43AB412E149E}"
EndProject
Global
	GlobalSection(SolutionConfigurationPlatforms) = preSolution
		Debug|Any CPU = Debug|Any CPU
		Debug|x64 = Debug|x64
		Debug|x86 = Debug|x86
		Release|Any CPU = Release|Any CPU
		Release|x64 = Release|x64
		Release|x86 = Release|x86
	EndGlobalSection
	GlobalSection(ProjectConfigurationPlatforms) = postSolution
		{F59F5F53-BA80-4344-BDD9-F44351756671}.Debug|Any CPU.ActiveCfg = Debug|Any CPU
		{F59F5F53-BA80-4344-BDD9-F44351756671}.Debug|Any CPU.Build.0 = Debug|Any CPU
		{F59F5F53-BA80-4344-BDD9-F44351756671}.Debug|x64.ActiveCfg = Debug|Any CPU
		{F59F5F53-BA80-4344-BDD9-F44351756671}.Debug|x64.Build.0 = Debug|Any CPU
		{F59F5F53-BA80-4344-BDD9-F44351756671}.Debug|x86.ActiveCfg = Debug|Any CPU
		{F59F5F53-BA80-4344-BDD9-F44351756671}.Debug|x86.Build.0 = Debug|Any CPU
		{F59F5F53-BA80-4344-BDD9-F44351756671}.Release|Any CPU.ActiveCfg = Release|Any CPU
		{F59F5F53-BA80-4344-BDD9-F44351756671}.Release|Any CPU.Build.0 = Release|Any CPU
		{F59F5F53-BA80-4344-BDD9-F44351756671}.Release|x64.ActiveCfg = Release|Any CPU
		{F59F5F53-BA80-4344-BDD9-F44351756671}.Release|x64.Build.0 = Release|Any CPU
		{F59F5F53-BA80-4344-BDD9-F44351756671}.Release|x86.ActiveCfg = Release|Any CPU
		{F59F5F53-BA80-4344-BDD9-F44351756671}.Release|x86.Build.0 = Release|Any CPU
		{5D4C2101-06EA-48DE-98A7-993D1DC761F1}.Debug|Any CPU.ActiveCfg = Debug|Any CPU
		{5D4C2101-06EA-48DE-98A7-993D1DC761F1}.Debug|Any CPU.Build.0 = Debug|Any CPU
		{5D4C2101-06EA-48DE-98A7-993D1DC761F1}.Debug|x64.ActiveCfg = Debug|Any CPU
		{5D4C2101-06EA-48DE-98A7-993D1DC761F1}.Debug|x64.Build.0 = Debug|Any CPU
		{5D4C2101-06EA-48DE-98A7-993D1DC761F1}.Debug|x86.ActiveCfg = Debug|Any CPU
		{5D4C2101-06EA-48DE-98A7-993D1DC761F1}.Debug|x86.Build.0 = Debug|Any CPU
		{5D4C2101-06EA-48DE-98A7-993D1DC761F1}.Release|Any CPU.ActiveCfg = Release|Any CPU
		{5D4C2101-06EA-48DE-98A7-993D1DC761F1}.Release|Any CPU.Build.0 = Release|Any CPU
		{5D4C2101-06EA-48DE-98A7-993D1DC761F1}.Release|x64.ActiveCfg = Release|Any CPU
		{5D4C2101-06EA-48DE-98A7-993D1DC761F1}.Release|x64.Build.0 = Release|Any CPU
		{5D4C2101-06EA-48DE-98A7-993D1DC761F1}.Release|x86.ActiveCfg = Release|Any CPU
		{5D4C2101-06EA-48DE-98A7-993D1DC761F1}.Release|x86.Build.0 = Release|Any CPU
		{29A36DBE-B292-4EC1-942D-12026B0C8BD8}.Debug|Any CPU.ActiveCfg = Debug|Any CPU
		{29A36DBE-B292-4EC1-942D-12026B0C8BD8}.Debug|Any CPU.Build.0 = Debug|Any CPU
		{29A36DBE-B292-4EC1-942D-12026B0C8BD8}.Debug|x64.ActiveCfg = Debug|Any CPU
		{29A36DBE-B292-4EC1-942D-12026B0C8BD8}.Debug|x64.Build.0 = Debug|Any CPU
		{29A36DBE-B292-4EC1-942D-12026B0C8BD8}.Debug|x86.ActiveCfg = Debug|Any CPU
		{29A36DBE-B292-4EC1-942D-12026B0C8BD8}.Debug|x86.Build.0 = Debug|Any CPU
		{29A36DBE-B292-4EC1-942D-12026B0C8BD8}.Release|Any CPU.ActiveCfg = Release|Any CPU
		{29A36DBE-B292-4EC1-942D-12026B0C8BD8}.Release|Any CPU.Build.0 = Release|Any CPU
		{29A36DBE-B292-4EC1-942D-12026B0C8BD8}.Release|x64.ActiveCfg = Release|Any CPU
		{29A36DBE-B292-4EC1-942D-12026B0C8BD8}.Release|x64.Build.0 = Release|Any CPU
		{29A36DBE-B292-4EC1-942D-12026B0C8BD8}.Release|x86.ActiveCfg = Release|Any CPU
		{29A36DBE-B292-4EC1-942D-12026B0C8BD8}.Release|x86.Build.0 = Release|Any CPU
		{3F328A32-9FB1-423A-BCA5-43AB412E149E}.Debug|Any CPU.ActiveCfg = Debug|Any CPU
		{3F328A32-9FB1-423A-BCA5-43AB412E149E}.Debug|Any CPU.Build.0 = Debug|Any CPU
		{3F328A32-9FB1-423A-BCA5-43AB412E149E}.Debug|x64.ActiveCfg = Debug|x64
		{3F328A32-9FB1-423A-BCA5-43AB412E149E}.Debug|x64.Build.0 = Debug|x64
		{3F328A32-9FB1-423A-BCA5-43AB412E149E}.Debug|x86.ActiveCfg = Debug|x86
		{3F328A32-9FB1-423A-BCA5-43AB412E149E}.Debug|x86.Build.0 = Debug|x86
		{3F328A32-9FB1-423A-BCA5-43AB412E149E}.Release|Any CPU.ActiveCfg = Release|Any CPU
		{3F328A32-9FB1-423A-BCA5-43AB412E149E}.Release|Any CPU.Build.0 = Release|Any CPU
		{3F328A32-9FB1-423A-BCA5-43AB412E149E}.Release|x64.ActiveCfg = Release|x64
		{3F328A32-9FB1-423A-BCA5-43AB412E149E}.Release|x64.Build.0 = Release|x64
		{3F328A32-9FB1-423A-BCA5-43AB412E149E}.Release|x86.ActiveCfg = Release|x86
		{3F328A32-9FB1-423A-BCA5-43AB412E149E}.Release|x86.Build.0 = Release|x86
	EndGlobalSection
	GlobalSection(SolutionProperties) = preSolution
		HideSolutionNode = FALSE
	EndGlobalSection
	GlobalSection(NestedProjects) = preSolution
		{F59F5F53-BA80-4344-BDD9-F44351756671} = {CD78900E-A6EE-43B6-8B96-6445EE311A1E}
		{5D4C2101-06EA-48DE-98A7-993D1DC761F1} = {CD78900E-A6EE-43B6-8B96-6445EE311A1E}
		{29A36DBE-B292-4EC1-942D-12026B0C8BD8} = {CD78900E-A6EE-43B6-8B96-6445EE311A1E}
	EndGlobalSection
	GlobalSection(ExtensibilityGlobals) = postSolution
		SolutionGuid = {D5B41AD3-63CF-4A53-ABC5-4C57B7ECC358}
	EndGlobalSection
EndGlobal
